
Microsoft Visual Studio Solution File, Format Version 12.00
# Visual Studio Version 17
VisualStudioVersion = 17.1.32407.343
MinimumVisualStudioVersion = 10.0.40219.1
Project("{FAE04EC0-301F-11D3-BF4B-00C04F79EFBC}") = "LearnGraphQL", "LearnGraphQL\LearnGraphQL.csproj", "{13BD1D12-ACB9-4046-9967-97DA40ACD56C}"
EndProject
Global
	GlobalSection(SolutionConfigurationPlatforms) = preSolution
		Debug|Any CPU = Debug|Any CPU
		Release|Any CPU = Release|Any CPU
	EndGlobalSection
	GlobalSection(ProjectConfigurationPlatforms) = postSolution
		{13BD1D12-ACB9-4046-9967-97DA40ACD56C}.Debug|Any CPU.ActiveCfg = Debug|Any CPU
		{13BD1D12-ACB9-4046-9967-97DA40ACD56C}.Debug|Any CPU.Build.0 = Debug|Any CPU
		{13BD1D12-ACB9-4046-9967-97DA40ACD56C}.Release|Any CPU.ActiveCfg = Release|Any CPU
		{13BD1D12-ACB9-4046-9967-97DA40ACD56C}.Release|Any CPU.Build.0 = Release|Any CPU
	EndGlobalSection
	GlobalSection(SolutionProperties) = preSolution
		HideSolutionNode = FALSE
	EndGlobalSection
	GlobalSection(ExtensibilityGlobals) = postSolution
		SolutionGuid = {D325BD84-310F-4F18-A115-CD9DECF8CD96}
	EndGlobalSection
EndGlobal
